
Microsoft Visual Studio Solution File, Format Version 12.00
# Visual Studio Version 16
VisualStudioVersion = 16.0.30621.155
MinimumVisualStudioVersion = 10.0.40219.1
Project("{FAE04EC0-301F-11D3-BF4B-00C04F79EFBC}") = "RenameFiles", "RenameFiles\RenameFiles.csproj", "{EE803C78-3B51-46AF-9BD2-AC865095E9EF}"
EndProject
Project("{54435603-DBB4-11D2-8724-00A0C9A8B90C}") = "RenameFilesSetup", "RenameFilesSetup\RenameFilesSetup.vdproj", "{95467C04-56F4-4A10-8CC4-E49BCEE16C04}"
EndProject
Global
	GlobalSection(SolutionConfigurationPlatforms) = preSolution
		Debug|Any CPU = Debug|Any CPU
		Release|Any CPU = Release|Any CPU
	EndGlobalSection
	GlobalSection(ProjectConfigurationPlatforms) = postSolution
		{EE803C78-3B51-46AF-9BD2-AC865095E9EF}.Debug|Any CPU.ActiveCfg = Debug|Any CPU
		{EE803C78-3B51-46AF-9BD2-AC865095E9EF}.Debug|Any CPU.Build.0 = Debug|Any CPU
		{EE803C78-3B51-46AF-9BD2-AC865095E9EF}.Release|Any CPU.ActiveCfg = Release|Any CPU
		{EE803C78-3B51-46AF-9BD2-AC865095E9EF}.Release|Any CPU.Build.0 = Release|Any CPU
		{95467C04-56F4-4A10-8CC4-E49BCEE16C04}.Debug|Any CPU.ActiveCfg = Debug
		{95467C04-56F4-4A10-8CC4-E49BCEE16C04}.Release|Any CPU.ActiveCfg = Release
	EndGlobalSection
	GlobalSection(SolutionProperties) = preSolution
		HideSolutionNode = FALSE
	EndGlobalSection
	GlobalSection(ExtensibilityGlobals) = postSolution
		SolutionGuid = {07DD52DC-4141-4493-B3FA-0768DD8D955C}
	EndGlobalSection
EndGlobal
